
Microsoft Visual Studio Solution File, Format Version 12.00
# Visual Studio 15
VisualStudioVersion = 15.0.28010.2003
MinimumVisualStudioVersion = 10.0.40219.1
Project("{FAE04EC0-301F-11D3-BF4B-00C04F79EFBC}") = "jsonpost", "jsonpost\jsonpost.csproj", "{BA289FD1-2901-43BB-8170-CE28D74F7A76}"
EndProject
Global
	GlobalSection(SolutionConfigurationPlatforms) = preSolution
		Debug|Any CPU = Debug|Any CPU
		Release|Any CPU = Release|Any CPU
	EndGlobalSection
	GlobalSection(ProjectConfigurationPlatforms) = postSolution
		{BA289FD1-2901-43BB-8170-CE28D74F7A76}.Debug|Any CPU.ActiveCfg = Debug|Any CPU
		{BA289FD1-2901-43BB-8170-CE28D74F7A76}.Debug|Any CPU.Build.0 = Debug|Any CPU
		{BA289FD1-2901-43BB-8170-CE28D74F7A76}.Release|Any CPU.ActiveCfg = Release|Any CPU
		{BA289FD1-2901-43BB-8170-CE28D74F7A76}.Release|Any CPU.Build.0 = Release|Any CPU
	EndGlobalSection
	GlobalSection(SolutionProperties) = preSolution
		HideSolutionNode = FALSE
	EndGlobalSection
	GlobalSection(ExtensibilityGlobals) = postSolution
		SolutionGuid = {BA454E76-98C7-49D3-A6FC-052FEAF43FD2}
	EndGlobalSection
EndGlobal
