
Microsoft Visual Studio Solution File, Format Version 12.00
# Visual Studio 15
VisualStudioVersion = 15.0.28010.2003
MinimumVisualStudioVersion = 10.0.40219.1
Project("{FAE04EC0-301F-11D3-BF4B-00C04F79EFBC}") = "WebApplication3", "WebApplication3\WebApplication3.csproj", "{02586875-1CED-4725-9A4B-BDDBBAC1FB2B}"
EndProject
Global
	GlobalSection(SolutionConfigurationPlatforms) = preSolution
		Debug|Any CPU = Debug|Any CPU
		Release|Any CPU = Release|Any CPU
	EndGlobalSection
	GlobalSection(ProjectConfigurationPlatforms) = postSolution
		{02586875-1CED-4725-9A4B-BDDBBAC1FB2B}.Debug|Any CPU.ActiveCfg = Debug|Any CPU
		{02586875-1CED-4725-9A4B-BDDBBAC1FB2B}.Debug|Any CPU.Build.0 = Debug|Any CPU
		{02586875-1CED-4725-9A4B-BDDBBAC1FB2B}.Release|Any CPU.ActiveCfg = Release|Any CPU
		{02586875-1CED-4725-9A4B-BDDBBAC1FB2B}.Release|Any CPU.Build.0 = Release|Any CPU
	EndGlobalSection
	GlobalSection(SolutionProperties) = preSolution
		HideSolutionNode = FALSE
	EndGlobalSection
	GlobalSection(ExtensibilityGlobals) = postSolution
		SolutionGuid = {52D5BBA6-B6A8-451F-BD0C-421A04AF38A5}
	EndGlobalSection
EndGlobal
