
Microsoft Visual Studio Solution File, Format Version 12.00
# Visual Studio 15
VisualStudioVersion = 15.0.28010.2003
MinimumVisualStudioVersion = 10.0.40219.1
Project("{FAE04EC0-301F-11D3-BF4B-00C04F79EFBC}") = "jsonconvert", "jsonconvert\jsonconvert.csproj", "{DA7E5E6C-C764-4AE5-BF8F-49570C3CE29D}"
EndProject
Global
	GlobalSection(SolutionConfigurationPlatforms) = preSolution
		Debug|Any CPU = Debug|Any CPU
		Release|Any CPU = Release|Any CPU
	EndGlobalSection
	GlobalSection(ProjectConfigurationPlatforms) = postSolution
		{DA7E5E6C-C764-4AE5-BF8F-49570C3CE29D}.Debug|Any CPU.ActiveCfg = Debug|Any CPU
		{DA7E5E6C-C764-4AE5-BF8F-49570C3CE29D}.Debug|Any CPU.Build.0 = Debug|Any CPU
		{DA7E5E6C-C764-4AE5-BF8F-49570C3CE29D}.Release|Any CPU.ActiveCfg = Release|Any CPU
		{DA7E5E6C-C764-4AE5-BF8F-49570C3CE29D}.Release|Any CPU.Build.0 = Release|Any CPU
	EndGlobalSection
	GlobalSection(SolutionProperties) = preSolution
		HideSolutionNode = FALSE
	EndGlobalSection
	GlobalSection(ExtensibilityGlobals) = postSolution
		SolutionGuid = {C147BE9D-2091-4CD2-8452-7936CB0DABE3}
	EndGlobalSection
EndGlobal
